
Microsoft Visual Studio Solution File, Format Version 12.00
# Visual Studio Version 17
VisualStudioVersion = 17.4.33205.214
MinimumVisualStudioVersion = 10.0.40219.1
Project("{FAE04EC0-301F-11D3-BF4B-00C04F79EFBC}") = "nyp-projem 19.06", "nyp-projem 19.06\nyp-projem 19.06.csproj", "{BB422CDE-4C2B-4259-B894-995E95528EE7}"
EndProject
Global
	GlobalSection(SolutionConfigurationPlatforms) = preSolution
		Debug|Any CPU = Debug|Any CPU
		Release|Any CPU = Release|Any CPU
	EndGlobalSection
	GlobalSection(ProjectConfigurationPlatforms) = postSolution
		{BB422CDE-4C2B-4259-B894-995E95528EE7}.Debug|Any CPU.ActiveCfg = Debug|Any CPU
		{BB422CDE-4C2B-4259-B894-995E95528EE7}.Debug|Any CPU.Build.0 = Debug|Any CPU
		{BB422CDE-4C2B-4259-B894-995E95528EE7}.Release|Any CPU.ActiveCfg = Release|Any CPU
		{BB422CDE-4C2B-4259-B894-995E95528EE7}.Release|Any CPU.Build.0 = Release|Any CPU
	EndGlobalSection
	GlobalSection(SolutionProperties) = preSolution
		HideSolutionNode = FALSE
	EndGlobalSection
	GlobalSection(ExtensibilityGlobals) = postSolution
		SolutionGuid = {2BBBA126-A10E-4078-9285-091582F34D57}
	EndGlobalSection
EndGlobal
